
Microsoft Visual Studio Solution File, Format Version 12.00
# Visual Studio Version 16
VisualStudioVersion = 16.0.29424.173
MinimumVisualStudioVersion = 10.0.40219.1
Project("{FAE04EC0-301F-11D3-BF4B-00C04F79EFBC}") = "CiagFibonacciego", "CiagFibonacciego\CiagFibonacciego.csproj", "{31F02D7D-78DF-4BE3-A8C6-BEF6DEFFBEE3}"
EndProject
Global
	GlobalSection(SolutionConfigurationPlatforms) = preSolution
		Debug|Any CPU = Debug|Any CPU
		Release|Any CPU = Release|Any CPU
	EndGlobalSection
	GlobalSection(ProjectConfigurationPlatforms) = postSolution
		{31F02D7D-78DF-4BE3-A8C6-BEF6DEFFBEE3}.Debug|Any CPU.ActiveCfg = Debug|Any CPU
		{31F02D7D-78DF-4BE3-A8C6-BEF6DEFFBEE3}.Debug|Any CPU.Build.0 = Debug|Any CPU
		{31F02D7D-78DF-4BE3-A8C6-BEF6DEFFBEE3}.Release|Any CPU.ActiveCfg = Release|Any CPU
		{31F02D7D-78DF-4BE3-A8C6-BEF6DEFFBEE3}.Release|Any CPU.Build.0 = Release|Any CPU
	EndGlobalSection
	GlobalSection(SolutionProperties) = preSolution
		HideSolutionNode = FALSE
	EndGlobalSection
	GlobalSection(ExtensibilityGlobals) = postSolution
		SolutionGuid = {9A38B53A-31D2-457A-A130-71344BCA2962}
	EndGlobalSection
EndGlobal
